
Microsoft Visual Studio Solution File, Format Version 12.00
# Visual Studio Version 17
VisualStudioVersion = 17.13.35825.156 d17.13
MinimumVisualStudioVersion = 10.0.40219.1
Project("{FAE04EC0-301F-11D3-BF4B-00C04F79EFBC}") = "FloorPlanColorizer", "FloorPlanColorizer.csproj", "{1DA861CD-80F0-4F2C-B18A-9B576BC25A44}"
EndProject
Global
	GlobalSection(SolutionConfigurationPlatforms) = preSolution
		Debug|Any CPU = Debug|Any CPU
		Release|Any CPU = Release|Any CPU
	EndGlobalSection
	GlobalSection(ProjectConfigurationPlatforms) = postSolution
		{1DA861CD-80F0-4F2C-B18A-9B576BC25A44}.Debug|Any CPU.ActiveCfg = Debug|Any CPU
		{1DA861CD-80F0-4F2C-B18A-9B576BC25A44}.Debug|Any CPU.Build.0 = Debug|Any CPU
		{1DA861CD-80F0-4F2C-B18A-9B576BC25A44}.Release|Any CPU.ActiveCfg = Release|Any CPU
		{1DA861CD-80F0-4F2C-B18A-9B576BC25A44}.Release|Any CPU.Build.0 = Release|Any CPU
	EndGlobalSection
	GlobalSection(SolutionProperties) = preSolution
		HideSolutionNode = FALSE
	EndGlobalSection
	GlobalSection(ExtensibilityGlobals) = postSolution
		SolutionGuid = {E1E56BEB-9A9F-4991-9774-989F168EA157}
	EndGlobalSection
EndGlobal
